<Solution>
  <Project Path="Puhu.Marketplace/Puhu.Marketplace.csproj" />
  <Project Path="Puhu.Plugin/Puhu.Plugin.csproj" />
  <Folder Name="/Items/">
    <File Path="../.github/workflows/ci.yml" />
    <File Path="../.github/workflows/release.yml" />
  </Folder>
  <Folder Name="/Termina/">
    <Project Path="../lib/termina/src/Termina/Termina.csproj" />
  </Folder>
  <Folder Name="/Tests/">
    <Project Path="Puhu.Marketplace.Tests/Puhu.Marketplace.Tests.csproj" />
    <Project Path="Puhu.Plugin.Tests/Puhu.Plugin.Tests.csproj" />
    <Project Path="Puhu.Tests/Puhu.Tests.csproj" />
  </Folder>
  <Project Path="Puhu.Settings/Puhu.Settings.csproj" />
  <Project Path="Puhu/Puhu.csproj" />
</Solution>
