<Solution>
  <Project Path="Servus.TUI.Plugin/Servus.TUI.Plugin.csproj" />
  <Project Path="Servus.TUI/Servus.TUI.csproj" />
  <Project Path="Servus.Plugin.Marketplace/Servus.Plugin.Marketplace.csproj" />
  <Project Path="Servus.Plugin.Settings/Servus.Plugin.Settings.csproj" />
  <Folder Name="/Termina/">
    <Project Path="../lib/termina/src/Termina/Termina.csproj" />
  </Folder>
  <Folder Name="/Tests/">
    <Project Path="Servus.Plugin.Tests/Servus.Plugin.Tests.csproj" />
    <Project Path="Servus.TUI.Tests/Servus.TUI.Tests.csproj" />
    <Project Path="Servus.Plugin.Marketplace.Tests/Servus.Plugin.Marketplace.Tests.csproj" />
  </Folder>
</Solution>
